
Microsoft Visual Studio Solution File, Format Version 12.00
# Visual Studio Version 16
VisualStudioVersion = 16.0.31729.503
MinimumVisualStudioVersion = 10.0.40219.1
Project("{FAE04EC0-301F-11D3-BF4B-00C04F79EFBC}") = "ElectricityBillMSIC", "ElectricityBillMSIC.csproj", "{8BA517E4-20FF-4E99-864F-C0D9B2CA8100}"
EndProject
Global
	GlobalSection(SolutionConfigurationPlatforms) = preSolution
		Debug|Any CPU = Debug|Any CPU
		Release|Any CPU = Release|Any CPU
	EndGlobalSection
	GlobalSection(ProjectConfigurationPlatforms) = postSolution
		{8BA517E4-20FF-4E99-864F-C0D9B2CA8100}.Debug|Any CPU.ActiveCfg = Debug|Any CPU
		{8BA517E4-20FF-4E99-864F-C0D9B2CA8100}.Debug|Any CPU.Build.0 = Debug|Any CPU
		{8BA517E4-20FF-4E99-864F-C0D9B2CA8100}.Release|Any CPU.ActiveCfg = Release|Any CPU
		{8BA517E4-20FF-4E99-864F-C0D9B2CA8100}.Release|Any CPU.Build.0 = Release|Any CPU
	EndGlobalSection
	GlobalSection(SolutionProperties) = preSolution
		HideSolutionNode = FALSE
	EndGlobalSection
	GlobalSection(ExtensibilityGlobals) = postSolution
		SolutionGuid = {E8983030-66D9-4ADD-ACD8-CFF9271E8611}
	EndGlobalSection
EndGlobal
